
Microsoft Visual Studio Solution File, Format Version 12.00
# Visual Studio 15
VisualStudioVersion = 15.0.27004.2006
MinimumVisualStudioVersion = 10.0.40219.1
Project("{FAE04EC0-301F-11D3-BF4B-00C04F79EFBC}") = "WebStoreProject", "WebStoreProject\WebStoreProject.csproj", "{BA243926-AA9F-4814-AB34-8D38CC19B1DC}"
EndProject
Global
	GlobalSection(SolutionConfigurationPlatforms) = preSolution
		Debug|Any CPU = Debug|Any CPU
		Release|Any CPU = Release|Any CPU
	EndGlobalSection
	GlobalSection(ProjectConfigurationPlatforms) = postSolution
		{BA243926-AA9F-4814-AB34-8D38CC19B1DC}.Debug|Any CPU.ActiveCfg = Debug|Any CPU
		{BA243926-AA9F-4814-AB34-8D38CC19B1DC}.Debug|Any CPU.Build.0 = Debug|Any CPU
		{BA243926-AA9F-4814-AB34-8D38CC19B1DC}.Release|Any CPU.ActiveCfg = Release|Any CPU
		{BA243926-AA9F-4814-AB34-8D38CC19B1DC}.Release|Any CPU.Build.0 = Release|Any CPU
	EndGlobalSection
	GlobalSection(SolutionProperties) = preSolution
		HideSolutionNode = FALSE
	EndGlobalSection
	GlobalSection(ExtensibilityGlobals) = postSolution
		SolutionGuid = {3F9FD19E-3EB8-487C-828C-0E759A5BA53F}
	EndGlobalSection
EndGlobal
